
Microsoft Visual Studio Solution File, Format Version 12.00
# Visual Studio 15
VisualStudioVersion = 15.0.28010.2046
MinimumVisualStudioVersion = 10.0.40219.1
Project("{8BC9CEB8-8B4A-11D0-8D11-00A0C91BC942}") = "CppCliDll", "CppCliDll\CppCliDll.vcxproj", "{716BF5B1-361A-426C-B89E-A8DD034726EF}"
EndProject
Project("{FAE04EC0-301F-11D3-BF4B-00C04F79EFBC}") = "DriveControlApp", "DriveControlApp\DriveControlApp.csproj", "{826AC34B-3B69-436A-81D4-A00D7346B2EB}"
EndProject
Global
	GlobalSection(SolutionConfigurationPlatforms) = preSolution
		Debug|Any CPU = Debug|Any CPU
		Debug|x64 = Debug|x64
		Debug|x86 = Debug|x86
		Release|Any CPU = Release|Any CPU
		Release|x64 = Release|x64
		Release|x86 = Release|x86
	EndGlobalSection
	GlobalSection(ProjectConfigurationPlatforms) = postSolution
		{716BF5B1-361A-426C-B89E-A8DD034726EF}.Debug|Any CPU.ActiveCfg = Debug|Win32
		{716BF5B1-361A-426C-B89E-A8DD034726EF}.Debug|Any CPU.Build.0 = Debug|Win32
		{716BF5B1-361A-426C-B89E-A8DD034726EF}.Debug|x64.ActiveCfg = Debug|x64
		{716BF5B1-361A-426C-B89E-A8DD034726EF}.Debug|x64.Build.0 = Debug|x64
		{716BF5B1-361A-426C-B89E-A8DD034726EF}.Debug|x86.ActiveCfg = Debug|Win32
		{716BF5B1-361A-426C-B89E-A8DD034726EF}.Debug|x86.Build.0 = Debug|Win32
		{716BF5B1-361A-426C-B89E-A8DD034726EF}.Release|Any CPU.ActiveCfg = Release|Win32
		{716BF5B1-361A-426C-B89E-A8DD034726EF}.Release|Any CPU.Build.0 = Release|Win32
		{716BF5B1-361A-426C-B89E-A8DD034726EF}.Release|x64.ActiveCfg = Release|x64
		{716BF5B1-361A-426C-B89E-A8DD034726EF}.Release|x64.Build.0 = Release|x64
		{716BF5B1-361A-426C-B89E-A8DD034726EF}.Release|x86.ActiveCfg = Release|Win32
		{716BF5B1-361A-426C-B89E-A8DD034726EF}.Release|x86.Build.0 = Release|Win32
		{826AC34B-3B69-436A-81D4-A00D7346B2EB}.Debug|Any CPU.ActiveCfg = Debug|Any CPU
		{826AC34B-3B69-436A-81D4-A00D7346B2EB}.Debug|Any CPU.Build.0 = Debug|Any CPU
		{826AC34B-3B69-436A-81D4-A00D7346B2EB}.Debug|x64.ActiveCfg = Debug|Any CPU
		{826AC34B-3B69-436A-81D4-A00D7346B2EB}.Debug|x64.Build.0 = Debug|Any CPU
		{826AC34B-3B69-436A-81D4-A00D7346B2EB}.Debug|x86.ActiveCfg = Debug|Any CPU
		{826AC34B-3B69-436A-81D4-A00D7346B2EB}.Debug|x86.Build.0 = Debug|Any CPU
		{826AC34B-3B69-436A-81D4-A00D7346B2EB}.Release|Any CPU.ActiveCfg = Release|Any CPU
		{826AC34B-3B69-436A-81D4-A00D7346B2EB}.Release|Any CPU.Build.0 = Release|Any CPU
		{826AC34B-3B69-436A-81D4-A00D7346B2EB}.Release|x64.ActiveCfg = Release|Any CPU
		{826AC34B-3B69-436A-81D4-A00D7346B2EB}.Release|x64.Build.0 = Release|Any CPU
		{826AC34B-3B69-436A-81D4-A00D7346B2EB}.Release|x86.ActiveCfg = Release|Any CPU
		{826AC34B-3B69-436A-81D4-A00D7346B2EB}.Release|x86.Build.0 = Release|Any CPU
	EndGlobalSection
	GlobalSection(SolutionProperties) = preSolution
		HideSolutionNode = FALSE
	EndGlobalSection
	GlobalSection(ExtensibilityGlobals) = postSolution
		SolutionGuid = {FA3DC429-EF2F-490A-9C44-5C83D3A2A295}
	EndGlobalSection
EndGlobal
